
Microsoft Visual Studio Solution File, Format Version 12.00
# Visual Studio 14
VisualStudioVersion = 14.0.24720.0
MinimumVisualStudioVersion = 10.0.40219.1
Project("{FAE04EC0-301F-11D3-BF4B-00C04F79EFBC}") = "Lagou", "Lagou\Lagou\Lagou.csproj", "{7A8DB338-D84F-42DF-9926-806C29F6002D}"
EndProject
Project("{FAE04EC0-301F-11D3-BF4B-00C04F79EFBC}") = "Lagou.iOS", "Lagou\Lagou.iOS\Lagou.iOS.csproj", "{4D1A9EB9-A1D8-4B87-960F-DD1DFC07EE72}"
EndProject
Project("{FAE04EC0-301F-11D3-BF4B-00C04F79EFBC}") = "Lagou.Droid", "Lagou\Lagou.Droid\Lagou.Droid.csproj", "{6C2FC593-5191-4B32-972E-BB4B42FC7881}"
EndProject
Project("{FAE04EC0-301F-11D3-BF4B-00C04F79EFBC}") = "Lagou.UWP", "Lagou\Lagou.UWP\Lagou.UWP.csproj", "{56981D7A-011F-45F2-AC6A-0A4B3D27B8FE}"
EndProject
Project("{FAE04EC0-301F-11D3-BF4B-00C04F79EFBC}") = "Lagou.API", "Lagou.API\Lagou.API.csproj", "{67F9D3A8-F71E-4428-913F-C37AE82CDB24}"
EndProject
Global
	GlobalSection(SolutionConfigurationPlatforms) = preSolution
		Ad-Hoc|Any CPU = Ad-Hoc|Any CPU
		Ad-Hoc|ARM = Ad-Hoc|ARM
		Ad-Hoc|iPhone = Ad-Hoc|iPhone
		Ad-Hoc|iPhoneSimulator = Ad-Hoc|iPhoneSimulator
		Ad-Hoc|x64 = Ad-Hoc|x64
		Ad-Hoc|x86 = Ad-Hoc|x86
		AppStore|Any CPU = AppStore|Any CPU
		AppStore|ARM = AppStore|ARM
		AppStore|iPhone = AppStore|iPhone
		AppStore|iPhoneSimulator = AppStore|iPhoneSimulator
		AppStore|x64 = AppStore|x64
		AppStore|x86 = AppStore|x86
		Debug|Any CPU = Debug|Any CPU
		Debug|ARM = Debug|ARM
		Debug|iPhone = Debug|iPhone
		Debug|iPhoneSimulator = Debug|iPhoneSimulator
		Debug|x64 = Debug|x64
		Debug|x86 = Debug|x86
		Release|Any CPU = Release|Any CPU
		Release|ARM = Release|ARM
		Release|iPhone = Release|iPhone
		Release|iPhoneSimulator = Release|iPhoneSimulator
		Release|x64 = Release|x64
		Release|x86 = Release|x86
	EndGlobalSection
	GlobalSection(ProjectConfigurationPlatforms) = postSolution
		{7A8DB338-D84F-42DF-9926-806C29F6002D}.Ad-Hoc|Any CPU.ActiveCfg = Release|Any CPU
		{7A8DB338-D84F-42DF-9926-806C29F6002D}.Ad-Hoc|Any CPU.Build.0 = Release|Any CPU
		{7A8DB338-D84F-42DF-9926-806C29F6002D}.Ad-Hoc|ARM.ActiveCfg = Release|Any CPU
		{7A8DB338-D84F-42DF-9926-806C29F6002D}.Ad-Hoc|ARM.Build.0 = Release|Any CPU
		{7A8DB338-D84F-42DF-9926-806C29F6002D}.Ad-Hoc|iPhone.ActiveCfg = Release|Any CPU
		{7A8DB338-D84F-42DF-9926-806C29F6002D}.Ad-Hoc|iPhone.Build.0 = Release|Any CPU
		{7A8DB338-D84F-42DF-9926-806C29F6002D}.Ad-Hoc|iPhoneSimulator.ActiveCfg = Release|Any CPU
		{7A8DB338-D84F-42DF-9926-806C29F6002D}.Ad-Hoc|iPhoneSimulator.Build.0 = Release|Any CPU
		{7A8DB338-D84F-42DF-9926-806C29F6002D}.Ad-Hoc|x64.ActiveCfg = Release|Any CPU
		{7A8DB338-D84F-42DF-9926-806C29F6002D}.Ad-Hoc|x64.Build.0 = Release|Any CPU
		{7A8DB338-D84F-42DF-9926-806C29F6002D}.Ad-Hoc|x86.ActiveCfg = Release|Any CPU
		{7A8DB338-D84F-42DF-9926-806C29F6002D}.Ad-Hoc|x86.Build.0 = Release|Any CPU
		{7A8DB338-D84F-42DF-9926-806C29F6002D}.AppStore|Any CPU.ActiveCfg = Release|Any CPU
		{7A8DB338-D84F-42DF-9926-806C29F6002D}.AppStore|Any CPU.Build.0 = Release|Any CPU
		{7A8DB338-D84F-42DF-9926-806C29F6002D}.AppStore|ARM.ActiveCfg = Release|Any CPU
		{7A8DB338-D84F-42DF-9926-806C29F6002D}.AppStore|ARM.Build.0 = Release|Any CPU
		{7A8DB338-D84F-42DF-9926-806C29F6002D}.AppStore|iPhone.ActiveCfg = Release|Any CPU
		{7A8DB338-D84F-42DF-9926-806C29F6002D}.AppStore|iPhone.Build.0 = Release|Any CPU
		{7A8DB338-D84F-42DF-9926-806C29F6002D}.AppStore|iPhoneSimulator.ActiveCfg = Release|Any CPU
		{7A8DB338-D84F-42DF-9926-806C29F6002D}.AppStore|iPhoneSimulator.Build.0 = Release|Any CPU
		{7A8DB338-D84F-42DF-9926-806C29F6002D}.AppStore|x64.ActiveCfg = Release|Any CPU
		{7A8DB338-D84F-42DF-9926-806C29F6002D}.AppStore|x64.Build.0 = Release|Any CPU
		{7A8DB338-D84F-42DF-9926-806C29F6002D}.AppStore|x86.ActiveCfg = Release|Any CPU
		{7A8DB338-D84F-42DF-9926-806C29F6002D}.AppStore|x86.Build.0 = Release|Any CPU
		{7A8DB338-D84F-42DF-9926-806C29F6002D}.Debug|Any CPU.ActiveCfg = Debug|Any CPU
		{7A8DB338-D84F-42DF-9926-806C29F6002D}.Debug|Any CPU.Build.0 = Debug|Any CPU
		{7A8DB338-D84F-42DF-9926-806C29F6002D}.Debug|ARM.ActiveCfg = Debug|Any CPU
		{7A8DB338-D84F-42DF-9926-806C29F6002D}.Debug|ARM.Build.0 = Debug|Any CPU
		{7A8DB338-D84F-42DF-9926-806C29F6002D}.Debug|iPhone.ActiveCfg = Debug|Any CPU
		{7A8DB338-D84F-42DF-9926-806C29F6002D}.Debug|iPhone.Build.0 = Debug|Any CPU
		{7A8DB338-D84F-42DF-9926-806C29F6002D}.Debug|iPhoneSimulator.ActiveCfg = Debug|Any CPU
		{7A8DB338-D84F-42DF-9926-806C29F6002D}.Debug|iPhoneSimulator.Build.0 = Debug|Any CPU
		{7A8DB338-D84F-42DF-9926-806C29F6002D}.Debug|x64.ActiveCfg = Debug|Any CPU
		{7A8DB338-D84F-42DF-9926-806C29F6002D}.Debug|x64.Build.0 = Debug|Any CPU
		{7A8DB338-D84F-42DF-9926-806C29F6002D}.Debug|x86.ActiveCfg = Debug|Any CPU
		{7A8DB338-D84F-42DF-9926-806C29F6002D}.Debug|x86.Build.0 = Debug|Any CPU
		{7A8DB338-D84F-42DF-9926-806C29F6002D}.Release|Any CPU.ActiveCfg = Release|Any CPU
		{7A8DB338-D84F-42DF-9926-806C29F6002D}.Release|Any CPU.Build.0 = Release|Any CPU
		{7A8DB338-D84F-42DF-9926-806C29F6002D}.Release|ARM.ActiveCfg = Release|Any CPU
		{7A8DB338-D84F-42DF-9926-806C29F6002D}.Release|ARM.Build.0 = Release|Any CPU
		{7A8DB338-D84F-42DF-9926-806C29F6002D}.Release|iPhone.ActiveCfg = Release|Any CPU
		{7A8DB338-D84F-42DF-9926-806C29F6002D}.Release|iPhone.Build.0 = Release|Any CPU
		{7A8DB338-D84F-42DF-9926-806C29F6002D}.Release|iPhoneSimulator.ActiveCfg = Release|Any CPU
		{7A8DB338-D84F-42DF-9926-806C29F6002D}.Release|iPhoneSimulator.Build.0 = Release|Any CPU
		{7A8DB338-D84F-42DF-9926-806C29F6002D}.Release|x64.ActiveCfg = Release|Any CPU
		{7A8DB338-D84F-42DF-9926-806C29F6002D}.Release|x64.Build.0 = Release|Any CPU
		{7A8DB338-D84F-42DF-9926-806C29F6002D}.Release|x86.ActiveCfg = Release|Any CPU
		{7A8DB338-D84F-42DF-9926-806C29F6002D}.Release|x86.Build.0 = Release|Any CPU
		{4D1A9EB9-A1D8-4B87-960F-DD1DFC07EE72}.Ad-Hoc|Any CPU.ActiveCfg = Ad-Hoc|iPhone
		{4D1A9EB9-A1D8-4B87-960F-DD1DFC07EE72}.Ad-Hoc|ARM.ActiveCfg = Ad-Hoc|iPhone
		{4D1A9EB9-A1D8-4B87-960F-DD1DFC07EE72}.Ad-Hoc|iPhone.ActiveCfg = Ad-Hoc|iPhone
		{4D1A9EB9-A1D8-4B87-960F-DD1DFC07EE72}.Ad-Hoc|iPhone.Build.0 = Ad-Hoc|iPhone
		{4D1A9EB9-A1D8-4B87-960F-DD1DFC07EE72}.Ad-Hoc|iPhoneSimulator.ActiveCfg = Ad-Hoc|iPhoneSimulator
		{4D1A9EB9-A1D8-4B87-960F-DD1DFC07EE72}.Ad-Hoc|iPhoneSimulator.Build.0 = Ad-Hoc|iPhoneSimulator
		{4D1A9EB9-A1D8-4B87-960F-DD1DFC07EE72}.Ad-Hoc|x64.ActiveCfg = Ad-Hoc|iPhone
		{4D1A9EB9-A1D8-4B87-960F-DD1DFC07EE72}.Ad-Hoc|x86.ActiveCfg = Ad-Hoc|iPhone
		{4D1A9EB9-A1D8-4B87-960F-DD1DFC07EE72}.AppStore|Any CPU.ActiveCfg = AppStore|iPhone
		{4D1A9EB9-A1D8-4B87-960F-DD1DFC07EE72}.AppStore|ARM.ActiveCfg = AppStore|iPhone
		{4D1A9EB9-A1D8-4B87-960F-DD1DFC07EE72}.AppStore|iPhone.ActiveCfg = AppStore|iPhone
		{4D1A9EB9-A1D8-4B87-960F-DD1DFC07EE72}.AppStore|iPhone.Build.0 = AppStore|iPhone
		{4D1A9EB9-A1D8-4B87-960F-DD1DFC07EE72}.AppStore|iPhoneSimulator.ActiveCfg = AppStore|iPhoneSimulator
		{4D1A9EB9-A1D8-4B87-960F-DD1DFC07EE72}.AppStore|iPhoneSimulator.Build.0 = AppStore|iPhoneSimulator
		{4D1A9EB9-A1D8-4B87-960F-DD1DFC07EE72}.AppStore|x64.ActiveCfg = AppStore|iPhone
		{4D1A9EB9-A1D8-4B87-960F-DD1DFC07EE72}.AppStore|x86.ActiveCfg = AppStore|iPhone
		{4D1A9EB9-A1D8-4B87-960F-DD1DFC07EE72}.Debug|Any CPU.ActiveCfg = Debug|iPhone
		{4D1A9EB9-A1D8-4B87-960F-DD1DFC07EE72}.Debug|Any CPU.Build.0 = Debug|iPhone
		{4D1A9EB9-A1D8-4B87-960F-DD1DFC07EE72}.Debug|ARM.ActiveCfg = Debug|iPhone
		{4D1A9EB9-A1D8-4B87-960F-DD1DFC07EE72}.Debug|iPhone.ActiveCfg = Debug|iPhone
		{4D1A9EB9-A1D8-4B87-960F-DD1DFC07EE72}.Debug|iPhone.Build.0 = Debug|iPhone
		{4D1A9EB9-A1D8-4B87-960F-DD1DFC07EE72}.Debug|iPhoneSimulator.ActiveCfg = Debug|iPhoneSimulator
		{4D1A9EB9-A1D8-4B87-960F-DD1DFC07EE72}.Debug|iPhoneSimulator.Build.0 = Debug|iPhoneSimulator
		{4D1A9EB9-A1D8-4B87-960F-DD1DFC07EE72}.Debug|x64.ActiveCfg = Debug|iPhone
		{4D1A9EB9-A1D8-4B87-960F-DD1DFC07EE72}.Debug|x86.ActiveCfg = Debug|iPhone
		{4D1A9EB9-A1D8-4B87-960F-DD1DFC07EE72}.Release|Any CPU.ActiveCfg = Release|iPhone
		{4D1A9EB9-A1D8-4B87-960F-DD1DFC07EE72}.Release|ARM.ActiveCfg = Release|iPhone
		{4D1A9EB9-A1D8-4B87-960F-DD1DFC07EE72}.Release|iPhone.ActiveCfg = Release|iPhone
		{4D1A9EB9-A1D8-4B87-960F-DD1DFC07EE72}.Release|iPhone.Build.0 = Release|iPhone
		{4D1A9EB9-A1D8-4B87-960F-DD1DFC07EE72}.Release|iPhoneSimulator.ActiveCfg = Release|iPhoneSimulator
		{4D1A9EB9-A1D8-4B87-960F-DD1DFC07EE72}.Release|iPhoneSimulator.Build.0 = Release|iPhoneSimulator
		{4D1A9EB9-A1D8-4B87-960F-DD1DFC07EE72}.Release|x64.ActiveCfg = Release|iPhone
		{4D1A9EB9-A1D8-4B87-960F-DD1DFC07EE72}.Release|x86.ActiveCfg = Release|iPhone
		{6C2FC593-5191-4B32-972E-BB4B42FC7881}.Ad-Hoc|Any CPU.ActiveCfg = Release|Any CPU
		{6C2FC593-5191-4B32-972E-BB4B42FC7881}.Ad-Hoc|Any CPU.Build.0 = Release|Any CPU
		{6C2FC593-5191-4B32-972E-BB4B42FC7881}.Ad-Hoc|Any CPU.Deploy.0 = Release|Any CPU
		{6C2FC593-5191-4B32-972E-BB4B42FC7881}.Ad-Hoc|ARM.ActiveCfg = Release|Any CPU
		{6C2FC593-5191-4B32-972E-BB4B42FC7881}.Ad-Hoc|ARM.Build.0 = Release|Any CPU
		{6C2FC593-5191-4B32-972E-BB4B42FC7881}.Ad-Hoc|ARM.Deploy.0 = Release|Any CPU
		{6C2FC593-5191-4B32-972E-BB4B42FC7881}.Ad-Hoc|iPhone.ActiveCfg = Release|Any CPU
		{6C2FC593-5191-4B32-972E-BB4B42FC7881}.Ad-Hoc|iPhone.Build.0 = Release|Any CPU
		{6C2FC593-5191-4B32-972E-BB4B42FC7881}.Ad-Hoc|iPhone.Deploy.0 = Release|Any CPU
		{6C2FC593-5191-4B32-972E-BB4B42FC7881}.Ad-Hoc|iPhoneSimulator.ActiveCfg = Release|Any CPU
		{6C2FC593-5191-4B32-972E-BB4B42FC7881}.Ad-Hoc|iPhoneSimulator.Build.0 = Release|Any CPU
		{6C2FC593-5191-4B32-972E-BB4B42FC7881}.Ad-Hoc|iPhoneSimulator.Deploy.0 = Release|Any CPU
		{6C2FC593-5191-4B32-972E-BB4B42FC7881}.Ad-Hoc|x64.ActiveCfg = Release|Any CPU
		{6C2FC593-5191-4B32-972E-BB4B42FC7881}.Ad-Hoc|x64.Build.0 = Release|Any CPU
		{6C2FC593-5191-4B32-972E-BB4B42FC7881}.Ad-Hoc|x64.Deploy.0 = Release|Any CPU
		{6C2FC593-5191-4B32-972E-BB4B42FC7881}.Ad-Hoc|x86.ActiveCfg = Release|Any CPU
		{6C2FC593-5191-4B32-972E-BB4B42FC7881}.Ad-Hoc|x86.Build.0 = Release|Any CPU
		{6C2FC593-5191-4B32-972E-BB4B42FC7881}.Ad-Hoc|x86.Deploy.0 = Release|Any CPU
		{6C2FC593-5191-4B32-972E-BB4B42FC7881}.AppStore|Any CPU.ActiveCfg = Release|Any CPU
		{6C2FC593-5191-4B32-972E-BB4B42FC7881}.AppStore|Any CPU.Build.0 = Release|Any CPU
		{6C2FC593-5191-4B32-972E-BB4B42FC7881}.AppStore|Any CPU.Deploy.0 = Release|Any CPU
		{6C2FC593-5191-4B32-972E-BB4B42FC7881}.AppStore|ARM.ActiveCfg = Release|Any CPU
		{6C2FC593-5191-4B32-972E-BB4B42FC7881}.AppStore|ARM.Build.0 = Release|Any CPU
		{6C2FC593-5191-4B32-972E-BB4B42FC7881}.AppStore|ARM.Deploy.0 = Release|Any CPU
		{6C2FC593-5191-4B32-972E-BB4B42FC7881}.AppStore|iPhone.ActiveCfg = Release|Any CPU
		{6C2FC593-5191-4B32-972E-BB4B42FC7881}.AppStore|iPhone.Build.0 = Release|Any CPU
		{6C2FC593-5191-4B32-972E-BB4B42FC7881}.AppStore|iPhone.Deploy.0 = Release|Any CPU
		{6C2FC593-5191-4B32-972E-BB4B42FC7881}.AppStore|iPhoneSimulator.ActiveCfg = Release|Any CPU
		{6C2FC593-5191-4B32-972E-BB4B42FC7881}.AppStore|iPhoneSimulator.Build.0 = Release|Any CPU
		{6C2FC593-5191-4B32-972E-BB4B42FC7881}.AppStore|iPhoneSimulator.Deploy.0 = Release|Any CPU
		{6C2FC593-5191-4B32-972E-BB4B42FC7881}.AppStore|x64.ActiveCfg = Release|Any CPU
		{6C2FC593-5191-4B32-972E-BB4B42FC7881}.AppStore|x64.Build.0 = Release|Any CPU
		{6C2FC593-5191-4B32-972E-BB4B42FC7881}.AppStore|x64.Deploy.0 = Release|Any CPU
		{6C2FC593-5191-4B32-972E-BB4B42FC7881}.AppStore|x86.ActiveCfg = Release|Any CPU
		{6C2FC593-5191-4B32-972E-BB4B42FC7881}.AppStore|x86.Build.0 = Release|Any CPU
		{6C2FC593-5191-4B32-972E-BB4B42FC7881}.AppStore|x86.Deploy.0 = Release|Any CPU
		{6C2FC593-5191-4B32-972E-BB4B42FC7881}.Debug|Any CPU.ActiveCfg = Debug|Any CPU
		{6C2FC593-5191-4B32-972E-BB4B42FC7881}.Debug|Any CPU.Build.0 = Debug|Any CPU
		{6C2FC593-5191-4B32-972E-BB4B42FC7881}.Debug|Any CPU.Deploy.0 = Debug|Any CPU
		{6C2FC593-5191-4B32-972E-BB4B42FC7881}.Debug|ARM.ActiveCfg = Debug|Any CPU
		{6C2FC593-5191-4B32-972E-BB4B42FC7881}.Debug|ARM.Build.0 = Debug|Any CPU
		{6C2FC593-5191-4B32-972E-BB4B42FC7881}.Debug|ARM.Deploy.0 = Debug|Any CPU
		{6C2FC593-5191-4B32-972E-BB4B42FC7881}.Debug|iPhone.ActiveCfg = Debug|Any CPU
		{6C2FC593-5191-4B32-972E-BB4B42FC7881}.Debug|iPhone.Build.0 = Debug|Any CPU
		{6C2FC593-5191-4B32-972E-BB4B42FC7881}.Debug|iPhone.Deploy.0 = Debug|Any CPU
		{6C2FC593-5191-4B32-972E-BB4B42FC7881}.Debug|iPhoneSimulator.ActiveCfg = Debug|Any CPU
		{6C2FC593-5191-4B32-972E-BB4B42FC7881}.Debug|iPhoneSimulator.Build.0 = Debug|Any CPU
		{6C2FC593-5191-4B32-972E-BB4B42FC7881}.Debug|iPhoneSimulator.Deploy.0 = Debug|Any CPU
		{6C2FC593-5191-4B32-972E-BB4B42FC7881}.Debug|x64.ActiveCfg = Debug|Any CPU
		{6C2FC593-5191-4B32-972E-BB4B42FC7881}.Debug|x64.Build.0 = Debug|Any CPU
		{6C2FC593-5191-4B32-972E-BB4B42FC7881}.Debug|x64.Deploy.0 = Debug|Any CPU
		{6C2FC593-5191-4B32-972E-BB4B42FC7881}.Debug|x86.ActiveCfg = Debug|Any CPU
		{6C2FC593-5191-4B32-972E-BB4B42FC7881}.Debug|x86.Build.0 = Debug|Any CPU
		{6C2FC593-5191-4B32-972E-BB4B42FC7881}.Debug|x86.Deploy.0 = Debug|Any CPU
		{6C2FC593-5191-4B32-972E-BB4B42FC7881}.Release|Any CPU.ActiveCfg = Release|Any CPU
		{6C2FC593-5191-4B32-972E-BB4B42FC7881}.Release|Any CPU.Build.0 = Release|Any CPU
		{6C2FC593-5191-4B32-972E-BB4B42FC7881}.Release|Any CPU.Deploy.0 = Release|Any CPU
		{6C2FC593-5191-4B32-972E-BB4B42FC7881}.Release|ARM.ActiveCfg = Release|Any CPU
		{6C2FC593-5191-4B32-972E-BB4B42FC7881}.Release|ARM.Build.0 = Release|Any CPU
		{6C2FC593-5191-4B32-972E-BB4B42FC7881}.Release|ARM.Deploy.0 = Release|Any CPU
		{6C2FC593-5191-4B32-972E-BB4B42FC7881}.Release|iPhone.ActiveCfg = Release|Any CPU
		{6C2FC593-5191-4B32-972E-BB4B42FC7881}.Release|iPhone.Build.0 = Release|Any CPU
		{6C2FC593-5191-4B32-972E-BB4B42FC7881}.Release|iPhone.Deploy.0 = Release|Any CPU
		{6C2FC593-5191-4B32-972E-BB4B42FC7881}.Release|iPhoneSimulator.ActiveCfg = Release|Any CPU
		{6C2FC593-5191-4B32-972E-BB4B42FC7881}.Release|iPhoneSimulator.Build.0 = Release|Any CPU
		{6C2FC593-5191-4B32-972E-BB4B42FC7881}.Release|iPhoneSimulator.Deploy.0 = Release|Any CPU
		{6C2FC593-5191-4B32-972E-BB4B42FC7881}.Release|x64.ActiveCfg = Release|Any CPU
		{6C2FC593-5191-4B32-972E-BB4B42FC7881}.Release|x64.Build.0 = Release|Any CPU
		{6C2FC593-5191-4B32-972E-BB4B42FC7881}.Release|x64.Deploy.0 = Release|Any CPU
		{6C2FC593-5191-4B32-972E-BB4B42FC7881}.Release|x86.ActiveCfg = Release|Any CPU
		{6C2FC593-5191-4B32-972E-BB4B42FC7881}.Release|x86.Build.0 = Release|Any CPU
		{6C2FC593-5191-4B32-972E-BB4B42FC7881}.Release|x86.Deploy.0 = Release|Any CPU
		{56981D7A-011F-45F2-AC6A-0A4B3D27B8FE}.Ad-Hoc|Any CPU.ActiveCfg = Release|x64
		{56981D7A-011F-45F2-AC6A-0A4B3D27B8FE}.Ad-Hoc|Any CPU.Build.0 = Release|x64
		{56981D7A-011F-45F2-AC6A-0A4B3D27B8FE}.Ad-Hoc|Any CPU.Deploy.0 = Release|x64
		{56981D7A-011F-45F2-AC6A-0A4B3D27B8FE}.Ad-Hoc|ARM.ActiveCfg = Release|ARM
		{56981D7A-011F-45F2-AC6A-0A4B3D27B8FE}.Ad-Hoc|ARM.Build.0 = Release|ARM
		{56981D7A-011F-45F2-AC6A-0A4B3D27B8FE}.Ad-Hoc|ARM.Deploy.0 = Release|ARM
		{56981D7A-011F-45F2-AC6A-0A4B3D27B8FE}.Ad-Hoc|iPhone.ActiveCfg = Release|x64
		{56981D7A-011F-45F2-AC6A-0A4B3D27B8FE}.Ad-Hoc|iPhone.Build.0 = Release|x64
		{56981D7A-011F-45F2-AC6A-0A4B3D27B8FE}.Ad-Hoc|iPhone.Deploy.0 = Release|x64
		{56981D7A-011F-45F2-AC6A-0A4B3D27B8FE}.Ad-Hoc|iPhoneSimulator.ActiveCfg = Release|x64
		{56981D7A-011F-45F2-AC6A-0A4B3D27B8FE}.Ad-Hoc|iPhoneSimulator.Build.0 = Release|x64
		{56981D7A-011F-45F2-AC6A-0A4B3D27B8FE}.Ad-Hoc|iPhoneSimulator.Deploy.0 = Release|x64
		{56981D7A-011F-45F2-AC6A-0A4B3D27B8FE}.Ad-Hoc|x64.ActiveCfg = Release|x64
		{56981D7A-011F-45F2-AC6A-0A4B3D27B8FE}.Ad-Hoc|x64.Build.0 = Release|x64
		{56981D7A-011F-45F2-AC6A-0A4B3D27B8FE}.Ad-Hoc|x64.Deploy.0 = Release|x64
		{56981D7A-011F-45F2-AC6A-0A4B3D27B8FE}.Ad-Hoc|x86.ActiveCfg = Release|x86
		{56981D7A-011F-45F2-AC6A-0A4B3D27B8FE}.Ad-Hoc|x86.Build.0 = Release|x86
		{56981D7A-011F-45F2-AC6A-0A4B3D27B8FE}.Ad-Hoc|x86.Deploy.0 = Release|x86
		{56981D7A-011F-45F2-AC6A-0A4B3D27B8FE}.AppStore|Any CPU.ActiveCfg = Release|x64
		{56981D7A-011F-45F2-AC6A-0A4B3D27B8FE}.AppStore|Any CPU.Build.0 = Release|x64
		{56981D7A-011F-45F2-AC6A-0A4B3D27B8FE}.AppStore|Any CPU.Deploy.0 = Release|x64
		{56981D7A-011F-45F2-AC6A-0A4B3D27B8FE}.AppStore|ARM.ActiveCfg = Release|ARM
		{56981D7A-011F-45F2-AC6A-0A4B3D27B8FE}.AppStore|ARM.Build.0 = Release|ARM
		{56981D7A-011F-45F2-AC6A-0A4B3D27B8FE}.AppStore|ARM.Deploy.0 = Release|ARM
		{56981D7A-011F-45F2-AC6A-0A4B3D27B8FE}.AppStore|iPhone.ActiveCfg = Release|x64
		{56981D7A-011F-45F2-AC6A-0A4B3D27B8FE}.AppStore|iPhone.Build.0 = Release|x64
		{56981D7A-011F-45F2-AC6A-0A4B3D27B8FE}.AppStore|iPhone.Deploy.0 = Release|x64
		{56981D7A-011F-45F2-AC6A-0A4B3D27B8FE}.AppStore|iPhoneSimulator.ActiveCfg = Release|x64
		{56981D7A-011F-45F2-AC6A-0A4B3D27B8FE}.AppStore|iPhoneSimulator.Build.0 = Release|x64
		{56981D7A-011F-45F2-AC6A-0A4B3D27B8FE}.AppStore|iPhoneSimulator.Deploy.0 = Release|x64
		{56981D7A-011F-45F2-AC6A-0A4B3D27B8FE}.AppStore|x64.ActiveCfg = Release|x64
		{56981D7A-011F-45F2-AC6A-0A4B3D27B8FE}.AppStore|x64.Build.0 = Release|x64
		{56981D7A-011F-45F2-AC6A-0A4B3D27B8FE}.AppStore|x64.Deploy.0 = Release|x64
		{56981D7A-011F-45F2-AC6A-0A4B3D27B8FE}.AppStore|x86.ActiveCfg = Release|x86
		{56981D7A-011F-45F2-AC6A-0A4B3D27B8FE}.AppStore|x86.Build.0 = Release|x86
		{56981D7A-011F-45F2-AC6A-0A4B3D27B8FE}.AppStore|x86.Deploy.0 = Release|x86
		{56981D7A-011F-45F2-AC6A-0A4B3D27B8FE}.Debug|Any CPU.ActiveCfg = Debug|x86
		{56981D7A-011F-45F2-AC6A-0A4B3D27B8FE}.Debug|Any CPU.Build.0 = Debug|x86
		{56981D7A-011F-45F2-AC6A-0A4B3D27B8FE}.Debug|Any CPU.Deploy.0 = Debug|x86
		{56981D7A-011F-45F2-AC6A-0A4B3D27B8FE}.Debug|ARM.ActiveCfg = Debug|ARM
		{56981D7A-011F-45F2-AC6A-0A4B3D27B8FE}.Debug|ARM.Build.0 = Debug|ARM
		{56981D7A-011F-45F2-AC6A-0A4B3D27B8FE}.Debug|ARM.Deploy.0 = Debug|ARM
		{56981D7A-011F-45F2-AC6A-0A4B3D27B8FE}.Debug|iPhone.ActiveCfg = Debug|x86
		{56981D7A-011F-45F2-AC6A-0A4B3D27B8FE}.Debug|iPhoneSimulator.ActiveCfg = Debug|x86
		{56981D7A-011F-45F2-AC6A-0A4B3D27B8FE}.Debug|x64.ActiveCfg = Debug|x64
		{56981D7A-011F-45F2-AC6A-0A4B3D27B8FE}.Debug|x64.Build.0 = Debug|x64
		{56981D7A-011F-45F2-AC6A-0A4B3D27B8FE}.Debug|x64.Deploy.0 = Debug|x64
		{56981D7A-011F-45F2-AC6A-0A4B3D27B8FE}.Debug|x86.ActiveCfg = Debug|x86
		{56981D7A-011F-45F2-AC6A-0A4B3D27B8FE}.Debug|x86.Build.0 = Debug|x86
		{56981D7A-011F-45F2-AC6A-0A4B3D27B8FE}.Debug|x86.Deploy.0 = Debug|x86
		{56981D7A-011F-45F2-AC6A-0A4B3D27B8FE}.Release|Any CPU.ActiveCfg = Release|x86
		{56981D7A-011F-45F2-AC6A-0A4B3D27B8FE}.Release|ARM.ActiveCfg = Release|ARM
		{56981D7A-011F-45F2-AC6A-0A4B3D27B8FE}.Release|ARM.Build.0 = Release|ARM
		{56981D7A-011F-45F2-AC6A-0A4B3D27B8FE}.Release|ARM.Deploy.0 = Release|ARM
		{56981D7A-011F-45F2-AC6A-0A4B3D27B8FE}.Release|iPhone.ActiveCfg = Release|x86
		{56981D7A-011F-45F2-AC6A-0A4B3D27B8FE}.Release|iPhoneSimulator.ActiveCfg = Release|x86
		{56981D7A-011F-45F2-AC6A-0A4B3D27B8FE}.Release|x64.ActiveCfg = Release|x64
		{56981D7A-011F-45F2-AC6A-0A4B3D27B8FE}.Release|x64.Build.0 = Release|x64
		{56981D7A-011F-45F2-AC6A-0A4B3D27B8FE}.Release|x64.Deploy.0 = Release|x64
		{56981D7A-011F-45F2-AC6A-0A4B3D27B8FE}.Release|x86.ActiveCfg = Release|x86
		{56981D7A-011F-45F2-AC6A-0A4B3D27B8FE}.Release|x86.Build.0 = Release|x86
		{56981D7A-011F-45F2-AC6A-0A4B3D27B8FE}.Release|x86.Deploy.0 = Release|x86
		{67F9D3A8-F71E-4428-913F-C37AE82CDB24}.Ad-Hoc|Any CPU.ActiveCfg = Release|Any CPU
		{67F9D3A8-F71E-4428-913F-C37AE82CDB24}.Ad-Hoc|Any CPU.Build.0 = Release|Any CPU
		{67F9D3A8-F71E-4428-913F-C37AE82CDB24}.Ad-Hoc|ARM.ActiveCfg = Release|Any CPU
		{67F9D3A8-F71E-4428-913F-C37AE82CDB24}.Ad-Hoc|ARM.Build.0 = Release|Any CPU
		{67F9D3A8-F71E-4428-913F-C37AE82CDB24}.Ad-Hoc|iPhone.ActiveCfg = Release|Any CPU
		{67F9D3A8-F71E-4428-913F-C37AE82CDB24}.Ad-Hoc|iPhone.Build.0 = Release|Any CPU
		{67F9D3A8-F71E-4428-913F-C37AE82CDB24}.Ad-Hoc|iPhoneSimulator.ActiveCfg = Release|Any CPU
		{67F9D3A8-F71E-4428-913F-C37AE82CDB24}.Ad-Hoc|iPhoneSimulator.Build.0 = Release|Any CPU
		{67F9D3A8-F71E-4428-913F-C37AE82CDB24}.Ad-Hoc|x64.ActiveCfg = Release|Any CPU
		{67F9D3A8-F71E-4428-913F-C37AE82CDB24}.Ad-Hoc|x64.Build.0 = Release|Any CPU
		{67F9D3A8-F71E-4428-913F-C37AE82CDB24}.Ad-Hoc|x86.ActiveCfg = Release|Any CPU
		{67F9D3A8-F71E-4428-913F-C37AE82CDB24}.Ad-Hoc|x86.Build.0 = Release|Any CPU
		{67F9D3A8-F71E-4428-913F-C37AE82CDB24}.AppStore|Any CPU.ActiveCfg = Release|Any CPU
		{67F9D3A8-F71E-4428-913F-C37AE82CDB24}.AppStore|Any CPU.Build.0 = Release|Any CPU
		{67F9D3A8-F71E-4428-913F-C37AE82CDB24}.AppStore|ARM.ActiveCfg = Release|Any CPU
		{67F9D3A8-F71E-4428-913F-C37AE82CDB24}.AppStore|ARM.Build.0 = Release|Any CPU
		{67F9D3A8-F71E-4428-913F-C37AE82CDB24}.AppStore|iPhone.ActiveCfg = Release|Any CPU
		{67F9D3A8-F71E-4428-913F-C37AE82CDB24}.AppStore|iPhone.Build.0 = Release|Any CPU
		{67F9D3A8-F71E-4428-913F-C37AE82CDB24}.AppStore|iPhoneSimulator.ActiveCfg = Release|Any CPU
		{67F9D3A8-F71E-4428-913F-C37AE82CDB24}.AppStore|iPhoneSimulator.Build.0 = Release|Any CPU
		{67F9D3A8-F71E-4428-913F-C37AE82CDB24}.AppStore|x64.ActiveCfg = Release|Any CPU
		{67F9D3A8-F71E-4428-913F-C37AE82CDB24}.AppStore|x64.Build.0 = Release|Any CPU
		{67F9D3A8-F71E-4428-913F-C37AE82CDB24}.AppStore|x86.ActiveCfg = Release|Any CPU
		{67F9D3A8-F71E-4428-913F-C37AE82CDB24}.AppStore|x86.Build.0 = Release|Any CPU
		{67F9D3A8-F71E-4428-913F-C37AE82CDB24}.Debug|Any CPU.ActiveCfg = Debug|Any CPU
		{67F9D3A8-F71E-4428-913F-C37AE82CDB24}.Debug|Any CPU.Build.0 = Debug|Any CPU
		{67F9D3A8-F71E-4428-913F-C37AE82CDB24}.Debug|ARM.ActiveCfg = Debug|Any CPU
		{67F9D3A8-F71E-4428-913F-C37AE82CDB24}.Debug|ARM.Build.0 = Debug|Any CPU
		{67F9D3A8-F71E-4428-913F-C37AE82CDB24}.Debug|iPhone.ActiveCfg = Debug|Any CPU
		{67F9D3A8-F71E-4428-913F-C37AE82CDB24}.Debug|iPhone.Build.0 = Debug|Any CPU
		{67F9D3A8-F71E-4428-913F-C37AE82CDB24}.Debug|iPhoneSimulator.ActiveCfg = Debug|Any CPU
		{67F9D3A8-F71E-4428-913F-C37AE82CDB24}.Debug|iPhoneSimulator.Build.0 = Debug|Any CPU
		{67F9D3A8-F71E-4428-913F-C37AE82CDB24}.Debug|x64.ActiveCfg = Debug|Any CPU
		{67F9D3A8-F71E-4428-913F-C37AE82CDB24}.Debug|x64.Build.0 = Debug|Any CPU
		{67F9D3A8-F71E-4428-913F-C37AE82CDB24}.Debug|x86.ActiveCfg = Debug|Any CPU
		{67F9D3A8-F71E-4428-913F-C37AE82CDB24}.Debug|x86.Build.0 = Debug|Any CPU
		{67F9D3A8-F71E-4428-913F-C37AE82CDB24}.Release|Any CPU.ActiveCfg = Release|Any CPU
		{67F9D3A8-F71E-4428-913F-C37AE82CDB24}.Release|Any CPU.Build.0 = Release|Any CPU
		{67F9D3A8-F71E-4428-913F-C37AE82CDB24}.Release|ARM.ActiveCfg = Release|Any CPU
		{67F9D3A8-F71E-4428-913F-C37AE82CDB24}.Release|ARM.Build.0 = Release|Any CPU
		{67F9D3A8-F71E-4428-913F-C37AE82CDB24}.Release|iPhone.ActiveCfg = Release|Any CPU
		{67F9D3A8-F71E-4428-913F-C37AE82CDB24}.Release|iPhone.Build.0 = Release|Any CPU
		{67F9D3A8-F71E-4428-913F-C37AE82CDB24}.Release|iPhoneSimulator.ActiveCfg = Release|Any CPU
		{67F9D3A8-F71E-4428-913F-C37AE82CDB24}.Release|iPhoneSimulator.Build.0 = Release|Any CPU
		{67F9D3A8-F71E-4428-913F-C37AE82CDB24}.Release|x64.ActiveCfg = Release|Any CPU
		{67F9D3A8-F71E-4428-913F-C37AE82CDB24}.Release|x64.Build.0 = Release|Any CPU
		{67F9D3A8-F71E-4428-913F-C37AE82CDB24}.Release|x86.ActiveCfg = Release|Any CPU
		{67F9D3A8-F71E-4428-913F-C37AE82CDB24}.Release|x86.Build.0 = Release|Any CPU
	EndGlobalSection
	GlobalSection(SolutionProperties) = preSolution
		HideSolutionNode = FALSE
	EndGlobalSection
EndGlobal
